# This file is autogenerated, do not edit; changes may be undone by the next 'dep ensure'.


[[projects]]
  branch = "master"
  name = "github.com/vishvananda/netns"
  packages = ["."]
  revision = "be1fbeda19366dea804f00efff2dd73a1642fdcc"

[solve-meta]
  analyzer-name = "dep"
  analyzer-version = 1
  inputs-digest = "92bae902749a06ce15a0f614e067526abd72e0ab149b0fb656293cd0fa6c894a"
  solver-name = "gps-cdcl"
  solver-version = 1
